
Microsoft Visual Studio Solution File, Format Version 12.00
# Visual Studio Version 16
VisualStudioVersion = 16.0.30204.135
MinimumVisualStudioVersion = 10.0.40219.1
Project("{FAE04EC0-301F-11D3-BF4B-00C04F79EFBC}") = "BdoEnhanceCalc", "BdoEnhanceCalc\BdoEnhanceCalc.csproj", "{4DAFBE3D-E41E-4FD6-A041-A8E2435CA8BA}"
EndProject
Global
	GlobalSection(SolutionConfigurationPlatforms) = preSolution
		Debug|Any CPU = Debug|Any CPU
		Release|Any CPU = Release|Any CPU
	EndGlobalSection
	GlobalSection(ProjectConfigurationPlatforms) = postSolution
		{4DAFBE3D-E41E-4FD6-A041-A8E2435CA8BA}.Debug|Any CPU.ActiveCfg = Debug|Any CPU
		{4DAFBE3D-E41E-4FD6-A041-A8E2435CA8BA}.Debug|Any CPU.Build.0 = Debug|Any CPU
		{4DAFBE3D-E41E-4FD6-A041-A8E2435CA8BA}.Release|Any CPU.ActiveCfg = Release|Any CPU
		{4DAFBE3D-E41E-4FD6-A041-A8E2435CA8BA}.Release|Any CPU.Build.0 = Release|Any CPU
	EndGlobalSection
	GlobalSection(SolutionProperties) = preSolution
		HideSolutionNode = FALSE
	EndGlobalSection
	GlobalSection(ExtensibilityGlobals) = postSolution
		SolutionGuid = {40B43488-1669-4E47-8CDB-9BFBBBB154F1}
	EndGlobalSection
EndGlobal
